// !$*UTF8*$!
{
	archiveVersion = 1;
	classes = {
	};
	objectVersion = 50;
	objects = {

/* Begin PBXBuildFile section */
		B120E82B220AA5A8009D9E2D /* new.storyboard in Resources */ = {isa = PBXBuildFile; fileRef = B120E82A220AA5A8009D9E2D /* new.storyboard */; };
		B14A3ACD2209710400D5806B /* TableViewCell.m in Sources */ = {isa = PBXBuildFile; fileRef = B14A3ACC2209710400D5806B /* TableViewCell.m */; };
		B180961B220870890098192E /* HappyNewYear_Poster.jpg in Resources */ = {isa = PBXBuildFile; fileRef = B1809616220870880098192E /* HappyNewYear_Poster.jpg */; };
		B180961C220870890098192E /* VickyDonor_Poster.jpg in Resources */ = {isa = PBXBuildFile; fileRef = B1809617220870880098192E /* VickyDonor_Poster.jpg */; };
		B180961D220870890098192E /* DedhIshquiya.jpg in Resources */ = {isa = PBXBuildFile; fileRef = B1809618220870890098192E /* DedhIshquiya.jpg */; };
		B180961E220870890098192E /* LuckByChance_Poster.jpg in Resources */ = {isa = PBXBuildFile; fileRef = B1809619220870890098192E /* LuckByChance_Poster.jpg */; };
		B180961F220870890098192E /* Dhoom_poster.jpg in Resources */ = {isa = PBXBuildFile; fileRef = B180961A220870890098192E /* Dhoom_poster.jpg */; };
		B1B5C2222211AB3A0078ED21 /* TableViewController.m in Sources */ = {isa = PBXBuildFile; fileRef = B1B5C2212211AB3A0078ED21 /* TableViewController.m */; };
		B1ED38D3220819D80048AD85 /* AppDelegate.m in Sources */ = {isa = PBXBuildFile; fileRef = B1ED38D2220819D80048AD85 /* AppDelegate.m */; };
		B1ED38DC220819D80048AD85 /* cutomTable.xcdatamodeld in Sources */ = {isa = PBXBuildFile; fileRef = B1ED38DA220819D80048AD85 /* cutomTable.xcdatamodeld */; };
		B1ED38DE220819DA0048AD85 /* Assets.xcassets in Resources */ = {isa = PBXBuildFile; fileRef = B1ED38DD220819DA0048AD85 /* Assets.xcassets */; };
		B1ED38E1220819DA0048AD85 /* LaunchScreen.storyboard in Resources */ = {isa = PBXBuildFile; fileRef = B1ED38DF220819DA0048AD85 /* LaunchScreen.storyboard */; };
		B1ED38E4220819DA0048AD85 /* main.m in Sources */ = {isa = PBXBuildFile; fileRef = B1ED38E3220819DA0048AD85 /* main.m */; };
/* End PBXBuildFile section */

/* Begin PBXFileReference section */
		B120E82A220AA5A8009D9E2D /* new.storyboard */ = {isa = PBXFileReference; lastKnownFileType = file.storyboard; path = new.storyboard; sourceTree = "<group>"; };
		B14A3ACB2209710400D5806B /* TableViewCell.h */ = {isa = PBXFileReference; lastKnownFileType = sourcecode.c.h; path = TableViewCell.h; sourceTree = "<group>"; };
		B14A3ACC2209710400D5806B /* TableViewCell.m */ = {isa = PBXFileReference; lastKnownFileType = sourcecode.c.objc; path = TableViewCell.m; sourceTree = "<group>"; };
		B14A3ACE2209756700D5806B /* TableViewController.h */ = {isa = PBXFileReference; lastKnownFileType = sourcecode.c.h; path = TableViewController.h; sourceTree = "<group>"; };
		B1809616220870880098192E /* HappyNewYear_Poster.jpg */ = {isa = PBXFileReference; lastKnownFileType = image.jpeg; path = HappyNewYear_Poster.jpg; sourceTree = "<group>"; };
		B1809617220870880098192E /* VickyDonor_Poster.jpg */ = {isa = PBXFileReference; lastKnownFileType = image.jpeg; path = VickyDonor_Poster.jpg; sourceTree = "<group>"; };
		B1809618220870890098192E /* DedhIshquiya.jpg */ = {isa = PBXFileReference; lastKnownFileType = image.jpeg; path = DedhIshquiya.jpg; sourceTree = "<group>"; };
		B1809619220870890098192E /* LuckByChance_Poster.jpg */ = {isa = PBXFileReference; lastKnownFileType = image.jpeg; path = LuckByChance_Poster.jpg; sourceTree = "<group>"; };
		B180961A220870890098192E /* Dhoom_poster.jpg */ = {isa = PBXFileReference; lastKnownFileType = image.jpeg; path = Dhoom_poster.jpg; sourceTree = "<group>"; };
		B1B5C2212211AB3A0078ED21 /* TableViewController.m */ = {isa = PBXFileReference; fileEncoding = 4; lastKnownFileType = sourcecode.c.objc; path = TableViewController.m; sourceTree = "<group>"; };
		B1ED38CE220819D80048AD85 /* cutomTable.app */ = {isa = PBXFileReference; explicitFileType = wrapper.application; includeInIndex = 0; path = cutomTable.app; sourceTree = BUILT_PRODUCTS_DIR; };
		B1ED38D1220819D80048AD85 /* AppDelegate.h */ = {isa = PBXFileReference; lastKnownFileType = sourcecode.c.h; path = AppDelegate.h; sourceTree = "<group>"; };
		B1ED38D2220819D80048AD85 /* AppDelegate.m */ = {isa = PBXFileReference; lastKnownFileType = sourcecode.c.objc; path = AppDelegate.m; sourceTree = "<group>"; };
		B1ED38DB220819D80048AD85 /* cutomTable.xcdatamodel */ = {isa = PBXFileReference; lastKnownFileType = wrapper.xcdatamodel; path = cutomTable.xcdatamodel; sourceTree = "<group>"; };
		B1ED38DD220819DA0048AD85 /* Assets.xcassets */ = {isa = PBXFileReference; lastKnownFileType = folder.assetcatalog; path = Assets.xcassets; sourceTree = "<group>"; };
		B1ED38E0220819DA0048AD85 /* Base */ = {isa = PBXFileReference; lastKnownFileType = file.storyboard; name = Base; path = Base.lproj/LaunchScreen.storyboard; sourceTree = "<group>"; };
		B1ED38E2220819DA0048AD85 /* Info.plist */ = {isa = PBXFileReference; lastKnownFileType = text.plist.xml; path = Info.plist; sourceTree = "<group>"; };
		B1ED38E3220819DA0048AD85 /* main.m */ = {isa = PBXFileReference; lastKnownFileType = sourcecode.c.objc; path = main.m; sourceTree = "<group>"; };
/* End PBXFileReference section */

/* Begin PBXFrameworksBuildPhase section */
		B1ED38CB220819D80048AD85 /* Frameworks */ = {
			isa = PBXFrameworksBuildPhase;
			buildActionMask = 2147483647;
			files = (
			);
			runOnlyForDeploymentPostprocessing = 0;
		};
/* End PBXFrameworksBuildPhase section */

/* Begin PBXGroup section */
		B13E6607220AFA4C0021AA76 /* SupportingFiles */ = {
			isa = PBXGroup;
			children = (
				B180961A220870890098192E /* Dhoom_poster.jpg */,
				B1ED38D1220819D80048AD85 /* AppDelegate.h */,
				B1ED38D2220819D80048AD85 /* AppDelegate.m */,
				B1ED38E3220819DA0048AD85 /* main.m */,
				B1ED38DD220819DA0048AD85 /* Assets.xcassets */,
				B1ED38DA220819D80048AD85 /* cutomTable.xcdatamodeld */,
				B1809616220870880098192E /* HappyNewYear_Poster.jpg */,
				B1809619220870890098192E /* LuckByChance_Poster.jpg */,
				B1809617220870880098192E /* VickyDonor_Poster.jpg */,
				B1809618220870890098192E /* DedhIshquiya.jpg */,
			);
			path = SupportingFiles;
			sourceTree = "<group>";
		};
		B1ED38C5220819D80048AD85 = {
			isa = PBXGroup;
			children = (
				B1ED38D0220819D80048AD85 /* cutomTable */,
				B1ED38CF220819D80048AD85 /* Products */,
			);
			sourceTree = "<group>";
		};
		B1ED38CF220819D80048AD85 /* Products */ = {
			isa = PBXGroup;
			children = (
				B1ED38CE220819D80048AD85 /* cutomTable.app */,
			);
			name = Products;
			sourceTree = "<group>";
		};
		B1ED38D0220819D80048AD85 /* cutomTable */ = {
			isa = PBXGroup;
			children = (
				B120E82A220AA5A8009D9E2D /* new.storyboard */,
				B1ED38DF220819DA0048AD85 /* LaunchScreen.storyboard */,
				B14A3ACB2209710400D5806B /* TableViewCell.h */,
				B14A3ACC2209710400D5806B /* TableViewCell.m */,
				B14A3ACE2209756700D5806B /* TableViewController.h */,
				B1B5C2212211AB3A0078ED21 /* TableViewController.m */,
				B1ED38E2220819DA0048AD85 /* Info.plist */,
				B13E6607220AFA4C0021AA76 /* SupportingFiles */,
			);
			path = cutomTable;
			sourceTree = "<group>";
		};
/* End PBXGroup section */

/* Begin PBXNativeTarget section */
		B1ED38CD220819D80048AD85 /* cutomTable */ = {
			isa = PBXNativeTarget;
			buildConfigurationList = B1ED38E7220819DA0048AD85 /* Build configuration list for PBXNativeTarget "cutomTable" */;
			buildPhases = (
				B1ED38CA220819D80048AD85 /* Sources */,
				B1ED38CB220819D80048AD85 /* Frameworks */,
				B1ED38CC220819D80048AD85 /* Resources */,
			);
			buildRules = (
			);
			dependencies = (
			);
			name = cutomTable;
			productName = cutomTable;
			productReference = B1ED38CE220819D80048AD85 /* cutomTable.app */;
			productType = "com.apple.product-type.application";
		};
/* End PBXNativeTarget section */

/* Begin PBXProject section */
		B1ED38C6220819D80048AD85 /* Project object */ = {
			isa = PBXProject;
			attributes = {
				LastUpgradeCheck = 1010;
				ORGANIZATIONNAME = user148840;
				TargetAttributes = {
					B1ED38CD220819D80048AD85 = {
						CreatedOnToolsVersion = 10.1;
					};
				};
			};
			buildConfigurationList = B1ED38C9220819D80048AD85 /* Build configuration list for PBXProject "cutomTable" */;
			compatibilityVersion = "Xcode 9.3";
			developmentRegion = en;
			hasScannedForEncodings = 0;
			knownRegions = (
				en,
				Base,
			);
			mainGroup = B1ED38C5220819D80048AD85;
			productRefGroup = B1ED38CF220819D80048AD85 /* Products */;
			projectDirPath = "";
			projectRoot = "";
			targets = (
				B1ED38CD220819D80048AD85 /* cutomTable */,
			);
		};
/* End PBXProject section */

/* Begin PBXResourcesBuildPhase section */
		B1ED38CC220819D80048AD85 /* Resources */ = {
			isa = PBXResourcesBuildPhase;
			buildActionMask = 2147483647;
			files = (
				B180961F220870890098192E /* Dhoom_poster.jpg in Resources */,
				B180961C220870890098192E /* VickyDonor_Poster.jpg in Resources */,
				B180961D220870890098192E /* DedhIshquiya.jpg in Resources */,
				B180961B220870890098192E /* HappyNewYear_Poster.jpg in Resources */,
				B1ED38E1220819DA0048AD85 /* LaunchScreen.storyboard in Resources */,
				B180961E220870890098192E /* LuckByChance_Poster.jpg in Resources */,
				B1ED38DE220819DA0048AD85 /* Assets.xcassets in Resources */,
				B120E82B220AA5A8009D9E2D /* new.storyboard in Resources */,
			);
			runOnlyForDeploymentPostprocessing = 0;
		};
/* End PBXResourcesBuildPhase section */

/* Begin PBXSourcesBuildPhase section */
		B1ED38CA220819D80048AD85 /* Sources */ = {
			isa = PBXSourcesBuildPhase;
			buildActionMask = 2147483647;
			files = (
				B1ED38D3220819D80048AD85 /* AppDelegate.m in Sources */,
				B1B5C2222211AB3A0078ED21 /* TableViewController.m in Sources */,
				B14A3ACD2209710400D5806B /* TableViewCell.m in Sources */,
				B1ED38E4220819DA0048AD85 /* main.m in Sources */,
				B1ED38DC220819D80048AD85 /* cutomTable.xcdatamodeld in Sources */,
			);
			runOnlyForDeploymentPostprocessing = 0;
		};
/* End PBXSourcesBuildPhase section */

/* Begin PBXVariantGroup section */
		B1ED38DF220819DA0048AD85 /* LaunchScreen.storyboard */ = {
			isa = PBXVariantGroup;
			children = (
				B1ED38E0220819DA0048AD85 /* Base */,
			);
			name = LaunchScreen.storyboard;
			sourceTree = "<group>";
		};
/* End PBXVariantGroup section */

/* Begin XCBuildConfiguration section */
		B1ED38E5220819DA0048AD85 /* Debug */ = {
			isa = XCBuildConfiguration;
			buildSettings = {
				ALWAYS_SEARCH_USER_PATHS = NO;
				CLANG_ANALYZER_NONNULL = YES;
				CLANG_ANALYZER_NUMBER_OBJECT_CONVERSION = YES_AGGRESSIVE;
				CLANG_CXX_LANGUAGE_STANDARD = "gnu++14";
				CLANG_CXX_LIBRARY = "libc++";
				CLANG_ENABLE_MODULES = YES;
				CLANG_ENABLE_OBJC_ARC = YES;
				CLANG_ENABLE_OBJC_WEAK = YES;
				CLANG_WARN_BLOCK_CAPTURE_AUTORELEASING = YES;
				CLANG_WARN_BOOL_CONVERSION = YES;
				CLANG_WARN_COMMA = YES;
				CLANG_WARN_CONSTANT_CONVERSION = YES;
				CLANG_WARN_DEPRECATED_OBJC_IMPLEMENTATIONS = YES;
				CLANG_WARN_DIRECT_OBJC_ISA_USAGE = YES_ERROR;
				CLANG_WARN_DOCUMENTATION_COMMENTS = YES;
				CLANG_WARN_EMPTY_BODY = YES;
				CLANG_WARN_ENUM_CONVERSION = YES;
				CLANG_WARN_INFINITE_RECURSION = YES;
				CLANG_WARN_INT_CONVERSION = YES;
				CLANG_WARN_NON_LITERAL_NULL_CONVERSION = YES;
				CLANG_WARN_OBJC_IMPLICIT_RETAIN_SELF = YES;
				CLANG_WARN_OBJC_LITERAL_CONVERSION = YES;
				CLANG_WARN_OBJC_ROOT_CLASS = YES_ERROR;
				CLANG_WARN_RANGE_LOOP_ANALYSIS = YES;
				CLANG_WARN_STRICT_PROTOTYPES = YES;
				CLANG_WARN_SUSPICIOUS_MOVE = YES;
				CLANG_WARN_UNGUARDED_AVAILABILITY = YES_AGGRESSIVE;
				CLANG_WARN_UNREACHABLE_CODE = YES;
				CLANG_WARN__DUPLICATE_METHOD_MATCH = YES;
				CODE_SIGN_IDENTITY = "iPhone Developer";
				COPY_PHASE_STRIP = NO;
				DEBUG_INFORMATION_FORMAT = dwarf;
				ENABLE_STRICT_OBJC_MSGSEND = YES;
				ENABLE_TESTABILITY = YES;
				GCC_C_LANGUAGE_STANDARD = gnu11;
				GCC_DYNAMIC_NO_PIC = NO;
				GCC_NO_COMMON_BLOCKS = YES;
				GCC_OPTIMIZATION_LEVEL = 0;
				GCC_PREPROCESSOR_DEFINITIONS = (
					"DEBUG=1",
					"$(inherited)",
				);
				GCC_WARN_64_TO_32_BIT_CONVERSION = YES;
				GCC_WARN_ABOUT_RETURN_TYPE = YES_ERROR;
				GCC_WARN_UNDECLARED_SELECTOR = YES;
				GCC_WARN_UNINITIALIZED_AUTOS = YES_AGGRESSIVE;
				GCC_WARN_UNUSED_FUNCTION = YES;
				GCC_WARN_UNUSED_VARIABLE = YES;
				IPHONEOS_DEPLOYMENT_TARGET = 12.1;
				MTL_ENABLE_DEBUG_INFO = INCLUDE_SOURCE;
				MTL_FAST_MATH = YES;
				ONLY_ACTIVE_ARCH = YES;
				SDKROOT = iphoneos;
			};
			name = Debug;
		};
		B1ED38E6220819DA0048AD85 /* Release */ = {
			isa = XCBuildConfiguration;
			buildSettings = {
				ALWAYS_SEARCH_USER_PATHS = NO;
				CLANG_ANALYZER_NONNULL = YES;
				CLANG_ANALYZER_NUMBER_OBJECT_CONVERSION = YES_AGGRESSIVE;
				CLANG_CXX_LANGUAGE_STANDARD = "gnu++14";
				CLANG_CXX_LIBRARY = "libc++";
				CLANG_ENABLE_MODULES = YES;
				CLANG_ENABLE_OBJC_ARC = YES;
				CLANG_ENABLE_OBJC_WEAK = YES;
				CLANG_WARN_BLOCK_CAPTURE_AUTORELEASING = YES;
				CLANG_WARN_BOOL_CONVERSION = YES;
				CLANG_WARN_COMMA = YES;
				CLANG_WARN_CONSTANT_CONVERSION = YES;
				CLANG_WARN_DEPRECATED_OBJC_IMPLEMENTATIONS = YES;
				CLANG_WARN_DIRECT_OBJC_ISA_USAGE = YES_ERROR;
				CLANG_WARN_DOCUMENTATION_COMMENTS = YES;
				CLANG_WARN_EMPTY_BODY = YES;
				CLANG_WARN_ENUM_CONVERSION = YES;
				CLANG_WARN_INFINITE_RECURSION = YES;
				CLANG_WARN_INT_CONVERSION = YES;
				CLANG_WARN_NON_LITERAL_NULL_CONVERSION = YES;
				CLANG_WARN_OBJC_IMPLICIT_RETAIN_SELF = YES;
				CLANG_WARN_OBJC_LITERAL_CONVERSION = YES;
				CLANG_WARN_OBJC_ROOT_CLASS = YES_ERROR;
				CLANG_WARN_RANGE_LOOP_ANALYSIS = YES;
				CLANG_WARN_STRICT_PROTOTYPES = YES;
				CLANG_WARN_SUSPICIOUS_MOVE = YES;
				CLANG_WARN_UNGUARDED_AVAILABILITY = YES_AGGRESSIVE;
				CLANG_WARN_UNREACHABLE_CODE = YES;
				CLANG_WARN__DUPLICATE_METHOD_MATCH = YES;
				CODE_SIGN_IDENTITY = "iPhone Developer";
				COPY_PHASE_STRIP = NO;
				DEBUG_INFORMATION_FORMAT = "dwarf-with-dsym";
				ENABLE_NS_ASSERTIONS = NO;
				ENABLE_STRICT_OBJC_MSGSEND = YES;
				GCC_C_LANGUAGE_STANDARD = gnu11;
				GCC_NO_COMMON_BLOCKS = YES;
				GCC_WARN_64_TO_32_BIT_CONVERSION = YES;
				GCC_WARN_ABOUT_RETURN_TYPE = YES_ERROR;
				GCC_WARN_UNDECLARED_SELECTOR = YES;
				GCC_WARN_UNINITIALIZED_AUTOS = YES_AGGRESSIVE;
				GCC_WARN_UNUSED_FUNCTION = YES;
				GCC_WARN_UNUSED_VARIABLE = YES;
				IPHONEOS_DEPLOYMENT_TARGET = 12.1;
				MTL_ENABLE_DEBUG_INFO = NO;
				MTL_FAST_MATH = YES;
				SDKROOT = iphoneos;
				VALIDATE_PRODUCT = YES;
			};
			name = Release;
		};
		B1ED38E8220819DA0048AD85 /* Debug */ = {
			isa = XCBuildConfiguration;
			buildSettings = {
				ASSETCATALOG_COMPILER_APPICON_NAME = AppIcon;
				CODE_SIGN_STYLE = Automatic;
				DEVELOPMENT_TEAM = WQC4EGQJ49;
				INFOPLIST_FILE = cutomTable/Info.plist;
				LD_RUNPATH_SEARCH_PATHS = (
					"$(inherited)",
					"@executable_path/Frameworks",
				);
				PRODUCT_BUNDLE_IDENTIFIER = com.cellica.cutomTable;
				PRODUCT_NAME = "$(TARGET_NAME)";
				TARGETED_DEVICE_FAMILY = "1,2";
			};
			name = Debug;
		};
		B1ED38E9220819DA0048AD85 /* Release */ = {
			isa = XCBuildConfiguration;
			buildSettings = {
				ASSETCATALOG_COMPILER_APPICON_NAME = AppIcon;
				CODE_SIGN_STYLE = Automatic;
				DEVELOPMENT_TEAM = WQC4EGQJ49;
				INFOPLIST_FILE = cutomTable/Info.plist;
				LD_RUNPATH_SEARCH_PATHS = (
					"$(inherited)",
					"@executable_path/Frameworks",
				);
				PRODUCT_BUNDLE_IDENTIFIER = com.cellica.cutomTable;
				PRODUCT_NAME = "$(TARGET_NAME)";
				TARGETED_DEVICE_FAMILY = "1,2";
			};
			name = Release;
		};
/* End XCBuildConfiguration section */

/* Begin XCConfigurationList section */
		B1ED38C9220819D80048AD85 /* Build configuration list for PBXProject "cutomTable" */ = {
			isa = XCConfigurationList;
			buildConfigurations = (
				B1ED38E5220819DA0048AD85 /* Debug */,
				B1ED38E6220819DA0048AD85 /* Release */,
			);
			defaultConfigurationIsVisible = 0;
			defaultConfigurationName = Release;
		};
		B1ED38E7220819DA0048AD85 /* Build configuration list for PBXNativeTarget "cutomTable" */ = {
			isa = XCConfigurationList;
			buildConfigurations = (
				B1ED38E8220819DA0048AD85 /* Debug */,
				B1ED38E9220819DA0048AD85 /* Release */,
			);
			defaultConfigurationIsVisible = 0;
			defaultConfigurationName = Release;
		};
/* End XCConfigurationList section */

/* Begin XCVersionGroup section */
		B1ED38DA220819D80048AD85 /* cutomTable.xcdatamodeld */ = {
			isa = XCVersionGroup;
			children = (
				B1ED38DB220819D80048AD85 /* cutomTable.xcdatamodel */,
			);
			currentVersion = B1ED38DB220819D80048AD85 /* cutomTable.xcdatamodel */;
			path = cutomTable.xcdatamodeld;
			sourceTree = "<group>";
			versionGroupType = wrapper.xcdatamodel;
		};
/* End XCVersionGroup section */
	};
	rootObject = B1ED38C6220819D80048AD85 /* Project object */;
}
